
Microsoft Visual Studio Solution File, Format Version 12.00
# Visual Studio Version 16
VisualStudioVersion = 16.0.31105.61
MinimumVisualStudioVersion = 10.0.40219.1
Project("{9A19103F-16F7-4668-BE54-9A1E7A4F7556}") = "WebApi", "WebApi\WebApi.csproj", "{8955CD8F-B0E7-4E6B-9D67-2831FA0258C9}"
EndProject
Global
	GlobalSection(SolutionConfigurationPlatforms) = preSolution
		Debug|Any CPU = Debug|Any CPU
		Release|Any CPU = Release|Any CPU
	EndGlobalSection
	GlobalSection(ProjectConfigurationPlatforms) = postSolution
		{8955CD8F-B0E7-4E6B-9D67-2831FA0258C9}.Debug|Any CPU.ActiveCfg = Debug|Any CPU
		{8955CD8F-B0E7-4E6B-9D67-2831FA0258C9}.Debug|Any CPU.Build.0 = Debug|Any CPU
		{8955CD8F-B0E7-4E6B-9D67-2831FA0258C9}.Release|Any CPU.ActiveCfg = Release|Any CPU
		{8955CD8F-B0E7-4E6B-9D67-2831FA0258C9}.Release|Any CPU.Build.0 = Release|Any CPU
	EndGlobalSection
	GlobalSection(SolutionProperties) = preSolution
		HideSolutionNode = FALSE
	EndGlobalSection
	GlobalSection(ExtensibilityGlobals) = postSolution
		SolutionGuid = {A2CE8516-F1C4-4FD5-A09D-91D22E4EDFE4}
	EndGlobalSection
EndGlobal
